
Microsoft Visual Studio Solution File, Format Version 12.00
# Visual Studio Version 17
VisualStudioVersion = 17.4.33403.182
MinimumVisualStudioVersion = 10.0.40219.1
Project("{9A19103F-16F7-4668-BE54-9A1E7A4F7556}") = "AWSLambdaTimeTest", "AWSLambdaTimeTest\AWSLambdaTimeTest.csproj", "{D7A3A0A8-6996-4BE2-9AA6-AD633F102002}"
EndProject
Global
	GlobalSection(SolutionConfigurationPlatforms) = preSolution
		Debug|Any CPU = Debug|Any CPU
		Release|Any CPU = Release|Any CPU
	EndGlobalSection
	GlobalSection(ProjectConfigurationPlatforms) = postSolution
		{D7A3A0A8-6996-4BE2-9AA6-AD633F102002}.Debug|Any CPU.ActiveCfg = Debug|Any CPU
		{D7A3A0A8-6996-4BE2-9AA6-AD633F102002}.Debug|Any CPU.Build.0 = Debug|Any CPU
		{D7A3A0A8-6996-4BE2-9AA6-AD633F102002}.Release|Any CPU.ActiveCfg = Release|Any CPU
		{D7A3A0A8-6996-4BE2-9AA6-AD633F102002}.Release|Any CPU.Build.0 = Release|Any CPU
	EndGlobalSection
	GlobalSection(SolutionProperties) = preSolution
		HideSolutionNode = FALSE
	EndGlobalSection
	GlobalSection(ExtensibilityGlobals) = postSolution
		SolutionGuid = {796BC341-8960-4E29-B167-864B6D39F374}
	EndGlobalSection
EndGlobal
